
Microsoft Visual Studio Solution File, Format Version 12.00
# Visual Studio Version 17
VisualStudioVersion = 17.0.31903.59
MinimumVisualStudioVersion = 10.0.40219.1
Project("{2150E333-8FDC-42A3-9474-1A3956D46DE8}") = "src", "src", "{827E0CD3-B72D-47B6-A68D-7590B98EB39B}"
EndProject
Project("{FAE04EC0-301F-11D3-BF4B-00C04F79EFBC}") = "BusinessAnalytics.Api", "src\BusinessAnalytics.Api\BusinessAnalytics.Api.csproj", "{CBDB8342-7142-4258-BF54-F90F60AFE326}"
EndProject
Project("{FAE04EC0-301F-11D3-BF4B-00C04F79EFBC}") = "BusinessAnalytics.Application", "src\BusinessAnalytics.Application\BusinessAnalytics.Application.csproj", "{1E4D2F32-CA71-4283-9801-1DFCF8E1DEC4}"
EndProject
Project("{FAE04EC0-301F-11D3-BF4B-00C04F79EFBC}") = "BusinessAnalytics.Domain", "src\BusinessAnalytics.Domain\BusinessAnalytics.Domain.csproj", "{A0BA1159-0E83-4EEF-9AED-B5CF9DBF645D}"
EndProject
Project("{FAE04EC0-301F-11D3-BF4B-00C04F79EFBC}") = "BusinessAnalytics.Infrastructure", "src\BusinessAnalytics.Infrastructure\BusinessAnalytics.Infrastructure.csproj", "{3C3F8EC5-1B13-4972-A578-29F4F637E8DB}"
EndProject
Global
	GlobalSection(SolutionConfigurationPlatforms) = preSolution
		Debug|Any CPU = Debug|Any CPU
		Debug|x64 = Debug|x64
		Debug|x86 = Debug|x86
		Release|Any CPU = Release|Any CPU
		Release|x64 = Release|x64
		Release|x86 = Release|x86
	EndGlobalSection
	GlobalSection(ProjectConfigurationPlatforms) = postSolution
		{CBDB8342-7142-4258-BF54-F90F60AFE326}.Debug|Any CPU.ActiveCfg = Debug|Any CPU
		{CBDB8342-7142-4258-BF54-F90F60AFE326}.Debug|Any CPU.Build.0 = Debug|Any CPU
		{CBDB8342-7142-4258-BF54-F90F60AFE326}.Debug|x64.ActiveCfg = Debug|Any CPU
		{CBDB8342-7142-4258-BF54-F90F60AFE326}.Debug|x64.Build.0 = Debug|Any CPU
		{CBDB8342-7142-4258-BF54-F90F60AFE326}.Debug|x86.ActiveCfg = Debug|Any CPU
		{CBDB8342-7142-4258-BF54-F90F60AFE326}.Debug|x86.Build.0 = Debug|Any CPU
		{CBDB8342-7142-4258-BF54-F90F60AFE326}.Release|Any CPU.ActiveCfg = Release|Any CPU
		{CBDB8342-7142-4258-BF54-F90F60AFE326}.Release|Any CPU.Build.0 = Release|Any CPU
		{CBDB8342-7142-4258-BF54-F90F60AFE326}.Release|x64.ActiveCfg = Release|Any CPU
		{CBDB8342-7142-4258-BF54-F90F60AFE326}.Release|x64.Build.0 = Release|Any CPU
		{CBDB8342-7142-4258-BF54-F90F60AFE326}.Release|x86.ActiveCfg = Release|Any CPU
		{CBDB8342-7142-4258-BF54-F90F60AFE326}.Release|x86.Build.0 = Release|Any CPU
		{1E4D2F32-CA71-4283-9801-1DFCF8E1DEC4}.Debug|Any CPU.ActiveCfg = Debug|Any CPU
		{1E4D2F32-CA71-4283-9801-1DFCF8E1DEC4}.Debug|Any CPU.Build.0 = Debug|Any CPU
		{1E4D2F32-CA71-4283-9801-1DFCF8E1DEC4}.Debug|x64.ActiveCfg = Debug|Any CPU
		{1E4D2F32-CA71-4283-9801-1DFCF8E1DEC4}.Debug|x64.Build.0 = Debug|Any CPU
		{1E4D2F32-CA71-4283-9801-1DFCF8E1DEC4}.Debug|x86.ActiveCfg = Debug|Any CPU
		{1E4D2F32-CA71-4283-9801-1DFCF8E1DEC4}.Debug|x86.Build.0 = Debug|Any CPU
		{1E4D2F32-CA71-4283-9801-1DFCF8E1DEC4}.Release|Any CPU.ActiveCfg = Release|Any CPU
		{1E4D2F32-CA71-4283-9801-1DFCF8E1DEC4}.Release|Any CPU.Build.0 = Release|Any CPU
		{1E4D2F32-CA71-4283-9801-1DFCF8E1DEC4}.Release|x64.ActiveCfg = Release|Any CPU
		{1E4D2F32-CA71-4283-9801-1DFCF8E1DEC4}.Release|x64.Build.0 = Release|Any CPU
		{1E4D2F32-CA71-4283-9801-1DFCF8E1DEC4}.Release|x86.ActiveCfg = Release|Any CPU
		{1E4D2F32-CA71-4283-9801-1DFCF8E1DEC4}.Release|x86.Build.0 = Release|Any CPU
		{A0BA1159-0E83-4EEF-9AED-B5CF9DBF645D}.Debug|Any CPU.ActiveCfg = Debug|Any CPU
		{A0BA1159-0E83-4EEF-9AED-B5CF9DBF645D}.Debug|Any CPU.Build.0 = Debug|Any CPU
		{A0BA1159-0E83-4EEF-9AED-B5CF9DBF645D}.Debug|x64.ActiveCfg = Debug|Any CPU
		{A0BA1159-0E83-4EEF-9AED-B5CF9DBF645D}.Debug|x64.Build.0 = Debug|Any CPU
		{A0BA1159-0E83-4EEF-9AED-B5CF9DBF645D}.Debug|x86.ActiveCfg = Debug|Any CPU
		{A0BA1159-0E83-4EEF-9AED-B5CF9DBF645D}.Debug|x86.Build.0 = Debug|Any CPU
		{A0BA1159-0E83-4EEF-9AED-B5CF9DBF645D}.Release|Any CPU.ActiveCfg = Release|Any CPU
		{A0BA1159-0E83-4EEF-9AED-B5CF9DBF645D}.Release|Any CPU.Build.0 = Release|Any CPU
		{A0BA1159-0E83-4EEF-9AED-B5CF9DBF645D}.Release|x64.ActiveCfg = Release|Any CPU
		{A0BA1159-0E83-4EEF-9AED-B5CF9DBF645D}.Release|x64.Build.0 = Release|Any CPU
		{A0BA1159-0E83-4EEF-9AED-B5CF9DBF645D}.Release|x86.ActiveCfg = Release|Any CPU
		{A0BA1159-0E83-4EEF-9AED-B5CF9DBF645D}.Release|x86.Build.0 = Release|Any CPU
		{3C3F8EC5-1B13-4972-A578-29F4F637E8DB}.Debug|Any CPU.ActiveCfg = Debug|Any CPU
		{3C3F8EC5-1B13-4972-A578-29F4F637E8DB}.Debug|Any CPU.Build.0 = Debug|Any CPU
		{3C3F8EC5-1B13-4972-A578-29F4F637E8DB}.Debug|x64.ActiveCfg = Debug|Any CPU
		{3C3F8EC5-1B13-4972-A578-29F4F637E8DB}.Debug|x64.Build.0 = Debug|Any CPU
		{3C3F8EC5-1B13-4972-A578-29F4F637E8DB}.Debug|x86.ActiveCfg = Debug|Any CPU
		{3C3F8EC5-1B13-4972-A578-29F4F637E8DB}.Debug|x86.Build.0 = Debug|Any CPU
		{3C3F8EC5-1B13-4972-A578-29F4F637E8DB}.Release|Any CPU.ActiveCfg = Release|Any CPU
		{3C3F8EC5-1B13-4972-A578-29F4F637E8DB}.Release|Any CPU.Build.0 = Release|Any CPU
		{3C3F8EC5-1B13-4972-A578-29F4F637E8DB}.Release|x64.ActiveCfg = Release|Any CPU
		{3C3F8EC5-1B13-4972-A578-29F4F637E8DB}.Release|x64.Build.0 = Release|Any CPU
		{3C3F8EC5-1B13-4972-A578-29F4F637E8DB}.Release|x86.ActiveCfg = Release|Any CPU
		{3C3F8EC5-1B13-4972-A578-29F4F637E8DB}.Release|x86.Build.0 = Release|Any CPU
	EndGlobalSection
	GlobalSection(SolutionProperties) = preSolution
		HideSolutionNode = FALSE
	EndGlobalSection
	GlobalSection(NestedProjects) = preSolution
		{CBDB8342-7142-4258-BF54-F90F60AFE326} = {827E0CD3-B72D-47B6-A68D-7590B98EB39B}
		{1E4D2F32-CA71-4283-9801-1DFCF8E1DEC4} = {827E0CD3-B72D-47B6-A68D-7590B98EB39B}
		{A0BA1159-0E83-4EEF-9AED-B5CF9DBF645D} = {827E0CD3-B72D-47B6-A68D-7590B98EB39B}
		{3C3F8EC5-1B13-4972-A578-29F4F637E8DB} = {827E0CD3-B72D-47B6-A68D-7590B98EB39B}
	EndGlobalSection
EndGlobal
